
Microsoft Visual Studio Solution File, Format Version 12.00
# Visual Studio Version 17
VisualStudioVersion = 17.7.34221.43
MinimumVisualStudioVersion = 10.0.40219.1
Project("{FAE04EC0-301F-11D3-BF4B-00C04F79EFBC}") = "Project NIOP", "Project NIOP\Project NIOP.csproj", "{732BFAE1-84D5-499C-98EA-005125174882}"
EndProject
Global
	GlobalSection(SolutionConfigurationPlatforms) = preSolution
		Debug|Any CPU = Debug|Any CPU
		Release|Any CPU = Release|Any CPU
	EndGlobalSection
	GlobalSection(ProjectConfigurationPlatforms) = postSolution
		{732BFAE1-84D5-499C-98EA-005125174882}.Debug|Any CPU.ActiveCfg = Debug|Any CPU
		{732BFAE1-84D5-499C-98EA-005125174882}.Debug|Any CPU.Build.0 = Debug|Any CPU
		{732BFAE1-84D5-499C-98EA-005125174882}.Release|Any CPU.ActiveCfg = Release|Any CPU
		{732BFAE1-84D5-499C-98EA-005125174882}.Release|Any CPU.Build.0 = Release|Any CPU
	EndGlobalSection
	GlobalSection(SolutionProperties) = preSolution
		HideSolutionNode = FALSE
	EndGlobalSection
	GlobalSection(ExtensibilityGlobals) = postSolution
		SolutionGuid = {251C34F2-5E9F-4B9A-8310-794EDECE91DF}
	EndGlobalSection
EndGlobal
